{
  "pins" : [
    {
      "identity" : "sentry-cocoa",
      "kind" : "remoteSourceControl",
      "location" : "https://github.com/getsentry/sentry-cocoa.git",
      "state" : {
        "revision" : "cf43eac1aa12017868c257ad3854ad87a5de0758",
        "version" : "7.31.5"
      }
    }
  ],
  "version" : 2
}
